
Microsoft Visual Studio Solution File, Format Version 12.00
# Visual Studio Version 17
VisualStudioVersion = 17.10.34928.147
MinimumVisualStudioVersion = 10.0.40219.1
Project("{9A19103F-16F7-4668-BE54-9A1E7A4F7556}") = "QueueTrigger", "QueueTrigger\QueueTrigger.csproj", "{170DF20E-C6D8-4A98-85A6-DE215E43D202}"
EndProject
Project("{9A19103F-16F7-4668-BE54-9A1E7A4F7556}") = "BlobTrigger", "BlobTrigger\BlobTrigger.csproj", "{13C01687-D164-4776-89F1-E5E6507FC57F}"
EndProject
Project("{9A19103F-16F7-4668-BE54-9A1E7A4F7556}") = "DataEncrypt", "DataEncrypt\DataEncrypt.csproj", "{EB0AFC4E-5A47-4BB1-A609-839C3878996D}"
EndProject
Project("{9A19103F-16F7-4668-BE54-9A1E7A4F7556}") = "FileZipOperation", "FileZipOperation\FileZipOperation.csproj", "{99F74070-FC3B-4A78-AB7B-E0937414F46A}"
EndProject
Project("{9A19103F-16F7-4668-BE54-9A1E7A4F7556}") = "WebApp", "WebApp\WebApp.csproj", "{D57EDC7A-1C60-4BED-9A39-96F3FBCA2613}"
EndProject
Project("{9A19103F-16F7-4668-BE54-9A1E7A4F7556}") = "HttpTrigger", "HttpTrigger\HttpTrigger.csproj", "{24B1DCB4-F28D-42EB-9B08-8F578A315DB3}"
EndProject
Project("{9A19103F-16F7-4668-BE54-9A1E7A4F7556}") = "EventHubTrigger", "EventHubTrigger\EventHubTrigger.csproj", "{F2B83200-5129-45FA-8AAB-3A6302EDE84D}"
EndProject
Project("{FAE04EC0-301F-11D3-BF4B-00C04F79EFBC}") = "DotNetAzureServicesCall", "DotNetAzureServicesCall\DotNetAzureServicesCall.csproj", "{3E6A8AC6-92E4-4720-97F7-18211B66BFD5}"
EndProject
Global
	GlobalSection(SolutionConfigurationPlatforms) = preSolution
		Debug|Any CPU = Debug|Any CPU
		Release|Any CPU = Release|Any CPU
	EndGlobalSection
	GlobalSection(ProjectConfigurationPlatforms) = postSolution
		{170DF20E-C6D8-4A98-85A6-DE215E43D202}.Debug|Any CPU.ActiveCfg = Debug|Any CPU
		{170DF20E-C6D8-4A98-85A6-DE215E43D202}.Debug|Any CPU.Build.0 = Debug|Any CPU
		{170DF20E-C6D8-4A98-85A6-DE215E43D202}.Release|Any CPU.ActiveCfg = Release|Any CPU
		{170DF20E-C6D8-4A98-85A6-DE215E43D202}.Release|Any CPU.Build.0 = Release|Any CPU
		{13C01687-D164-4776-89F1-E5E6507FC57F}.Debug|Any CPU.ActiveCfg = Debug|Any CPU
		{13C01687-D164-4776-89F1-E5E6507FC57F}.Debug|Any CPU.Build.0 = Debug|Any CPU
		{13C01687-D164-4776-89F1-E5E6507FC57F}.Release|Any CPU.ActiveCfg = Release|Any CPU
		{13C01687-D164-4776-89F1-E5E6507FC57F}.Release|Any CPU.Build.0 = Release|Any CPU
		{EB0AFC4E-5A47-4BB1-A609-839C3878996D}.Debug|Any CPU.ActiveCfg = Debug|Any CPU
		{EB0AFC4E-5A47-4BB1-A609-839C3878996D}.Debug|Any CPU.Build.0 = Debug|Any CPU
		{EB0AFC4E-5A47-4BB1-A609-839C3878996D}.Release|Any CPU.ActiveCfg = Release|Any CPU
		{EB0AFC4E-5A47-4BB1-A609-839C3878996D}.Release|Any CPU.Build.0 = Release|Any CPU
		{99F74070-FC3B-4A78-AB7B-E0937414F46A}.Debug|Any CPU.ActiveCfg = Debug|Any CPU
		{99F74070-FC3B-4A78-AB7B-E0937414F46A}.Debug|Any CPU.Build.0 = Debug|Any CPU
		{99F74070-FC3B-4A78-AB7B-E0937414F46A}.Release|Any CPU.ActiveCfg = Release|Any CPU
		{99F74070-FC3B-4A78-AB7B-E0937414F46A}.Release|Any CPU.Build.0 = Release|Any CPU
		{D57EDC7A-1C60-4BED-9A39-96F3FBCA2613}.Debug|Any CPU.ActiveCfg = Debug|Any CPU
		{D57EDC7A-1C60-4BED-9A39-96F3FBCA2613}.Debug|Any CPU.Build.0 = Debug|Any CPU
		{D57EDC7A-1C60-4BED-9A39-96F3FBCA2613}.Release|Any CPU.ActiveCfg = Release|Any CPU
		{D57EDC7A-1C60-4BED-9A39-96F3FBCA2613}.Release|Any CPU.Build.0 = Release|Any CPU
		{24B1DCB4-F28D-42EB-9B08-8F578A315DB3}.Debug|Any CPU.ActiveCfg = Debug|Any CPU
		{24B1DCB4-F28D-42EB-9B08-8F578A315DB3}.Debug|Any CPU.Build.0 = Debug|Any CPU
		{24B1DCB4-F28D-42EB-9B08-8F578A315DB3}.Release|Any CPU.ActiveCfg = Release|Any CPU
		{24B1DCB4-F28D-42EB-9B08-8F578A315DB3}.Release|Any CPU.Build.0 = Release|Any CPU
		{F2B83200-5129-45FA-8AAB-3A6302EDE84D}.Debug|Any CPU.ActiveCfg = Debug|Any CPU
		{F2B83200-5129-45FA-8AAB-3A6302EDE84D}.Debug|Any CPU.Build.0 = Debug|Any CPU
		{F2B83200-5129-45FA-8AAB-3A6302EDE84D}.Release|Any CPU.ActiveCfg = Release|Any CPU
		{F2B83200-5129-45FA-8AAB-3A6302EDE84D}.Release|Any CPU.Build.0 = Release|Any CPU
		{3E6A8AC6-92E4-4720-97F7-18211B66BFD5}.Debug|Any CPU.ActiveCfg = Debug|Any CPU
		{3E6A8AC6-92E4-4720-97F7-18211B66BFD5}.Debug|Any CPU.Build.0 = Debug|Any CPU
		{3E6A8AC6-92E4-4720-97F7-18211B66BFD5}.Release|Any CPU.ActiveCfg = Release|Any CPU
		{3E6A8AC6-92E4-4720-97F7-18211B66BFD5}.Release|Any CPU.Build.0 = Release|Any CPU
	EndGlobalSection
	GlobalSection(SolutionProperties) = preSolution
		HideSolutionNode = FALSE
	EndGlobalSection
	GlobalSection(ExtensibilityGlobals) = postSolution
		SolutionGuid = {7271BB6D-B0FF-4CA6-9F52-B371BE03D52C}
	EndGlobalSection
EndGlobal
