
Microsoft Visual Studio Solution File, Format Version 12.00
# Visual Studio Version 17
VisualStudioVersion = 17.13.35931.197
MinimumVisualStudioVersion = 10.0.40219.1
Project("{FAE04EC0-301F-11D3-BF4B-00C04F79EFBC}") = "Lab01", "Lab01\Lab01.csproj", "{D9082D98-A67C-4BF3-A2BB-2C49D604E9AF}"
EndProject
Project("{FAE04EC0-301F-11D3-BF4B-00C04F79EFBC}") = "Lab02", "Lab02\Lab02.csproj", "{2F11F844-D546-4D72-ACF8-E5EE489E8248}"
EndProject
Project("{FAE04EC0-301F-11D3-BF4B-00C04F79EFBC}") = "Lab03", "Lab03\Lab03.csproj", "{8F4907DD-46A1-4929-8389-9549AFA1D29B}"
EndProject
Global
	GlobalSection(SolutionConfigurationPlatforms) = preSolution
		Debug|Any CPU = Debug|Any CPU
		Release|Any CPU = Release|Any CPU
	EndGlobalSection
	GlobalSection(ProjectConfigurationPlatforms) = postSolution
		{D9082D98-A67C-4BF3-A2BB-2C49D604E9AF}.Debug|Any CPU.ActiveCfg = Debug|Any CPU
		{D9082D98-A67C-4BF3-A2BB-2C49D604E9AF}.Debug|Any CPU.Build.0 = Debug|Any CPU
		{D9082D98-A67C-4BF3-A2BB-2C49D604E9AF}.Release|Any CPU.ActiveCfg = Release|Any CPU
		{D9082D98-A67C-4BF3-A2BB-2C49D604E9AF}.Release|Any CPU.Build.0 = Release|Any CPU
		{2F11F844-D546-4D72-ACF8-E5EE489E8248}.Debug|Any CPU.ActiveCfg = Debug|Any CPU
		{2F11F844-D546-4D72-ACF8-E5EE489E8248}.Debug|Any CPU.Build.0 = Debug|Any CPU
		{2F11F844-D546-4D72-ACF8-E5EE489E8248}.Release|Any CPU.ActiveCfg = Release|Any CPU
		{2F11F844-D546-4D72-ACF8-E5EE489E8248}.Release|Any CPU.Build.0 = Release|Any CPU
		{8F4907DD-46A1-4929-8389-9549AFA1D29B}.Debug|Any CPU.ActiveCfg = Debug|Any CPU
		{8F4907DD-46A1-4929-8389-9549AFA1D29B}.Debug|Any CPU.Build.0 = Debug|Any CPU
		{8F4907DD-46A1-4929-8389-9549AFA1D29B}.Release|Any CPU.ActiveCfg = Release|Any CPU
		{8F4907DD-46A1-4929-8389-9549AFA1D29B}.Release|Any CPU.Build.0 = Release|Any CPU
	EndGlobalSection
	GlobalSection(SolutionProperties) = preSolution
		HideSolutionNode = FALSE
	EndGlobalSection
	GlobalSection(ExtensibilityGlobals) = postSolution
		SolutionGuid = {DD892405-155F-45E6-BF2E-AFFE124207BD}
	EndGlobalSection
EndGlobal
