
Microsoft Visual Studio Solution File, Format Version 12.00
# Visual Studio Version 17
VisualStudioVersion = 17.13.35931.197
MinimumVisualStudioVersion = 10.0.40219.1
Project("{FAE04EC0-301F-11D3-BF4B-00C04F79EFBC}") = "Lab01-Classes", "Lab01\Lab01-Classes.csproj", "{8F06965D-9929-4B68-855C-14C909B81109}"
EndProject
Project("{FAE04EC0-301F-11D3-BF4B-00C04F79EFBC}") = "Lab02-Constructors", "Lab02-Constructors\Lab02-Constructors.csproj", "{76309391-1CEC-4DE6-9362-245A739C39A3}"
EndProject
Global
	GlobalSection(SolutionConfigurationPlatforms) = preSolution
		Debug|Any CPU = Debug|Any CPU
		Release|Any CPU = Release|Any CPU
	EndGlobalSection
	GlobalSection(ProjectConfigurationPlatforms) = postSolution
		{8F06965D-9929-4B68-855C-14C909B81109}.Debug|Any CPU.ActiveCfg = Debug|Any CPU
		{8F06965D-9929-4B68-855C-14C909B81109}.Debug|Any CPU.Build.0 = Debug|Any CPU
		{8F06965D-9929-4B68-855C-14C909B81109}.Release|Any CPU.ActiveCfg = Release|Any CPU
		{8F06965D-9929-4B68-855C-14C909B81109}.Release|Any CPU.Build.0 = Release|Any CPU
		{76309391-1CEC-4DE6-9362-245A739C39A3}.Debug|Any CPU.ActiveCfg = Debug|Any CPU
		{76309391-1CEC-4DE6-9362-245A739C39A3}.Debug|Any CPU.Build.0 = Debug|Any CPU
		{76309391-1CEC-4DE6-9362-245A739C39A3}.Release|Any CPU.ActiveCfg = Release|Any CPU
		{76309391-1CEC-4DE6-9362-245A739C39A3}.Release|Any CPU.Build.0 = Release|Any CPU
	EndGlobalSection
	GlobalSection(SolutionProperties) = preSolution
		HideSolutionNode = FALSE
	EndGlobalSection
	GlobalSection(ExtensibilityGlobals) = postSolution
		SolutionGuid = {9D88265E-128D-40BB-8C30-9CF245A2BE67}
	EndGlobalSection
EndGlobal
