
Microsoft Visual Studio Solution File, Format Version 12.00
# Visual Studio Version 16
VisualStudioVersion = 25.0.1706.0
MinimumVisualStudioVersion = 10.0.40219.1
Project("{FAE04EC0-301F-11D3-BF4B-00C04F79EFBC}") = "FileUnzipFA", "FileUnzipFA\FileUnzipFA.csproj", "{32760C67-F0D7-4085-89E2-A3DCC70DA221}"
EndProject
Global
	GlobalSection(SolutionConfigurationPlatforms) = preSolution
		Debug|Any CPU = Debug|Any CPU
		Release|Any CPU = Release|Any CPU
	EndGlobalSection
	GlobalSection(ProjectConfigurationPlatforms) = postSolution
		{32760C67-F0D7-4085-89E2-A3DCC70DA221}.Debug|Any CPU.ActiveCfg = Debug|Any CPU
		{32760C67-F0D7-4085-89E2-A3DCC70DA221}.Debug|Any CPU.Build.0 = Debug|Any CPU
		{32760C67-F0D7-4085-89E2-A3DCC70DA221}.Release|Any CPU.ActiveCfg = Release|Any CPU
		{32760C67-F0D7-4085-89E2-A3DCC70DA221}.Release|Any CPU.Build.0 = Release|Any CPU
	EndGlobalSection
	GlobalSection(SolutionProperties) = preSolution
		HideSolutionNode = FALSE
	EndGlobalSection
	GlobalSection(ExtensibilityGlobals) = postSolution
		SolutionGuid = {E8916E73-1A56-4EFE-80AE-AB147ABAE17A}
	EndGlobalSection
EndGlobal
